
Microsoft Visual Studio Solution File, Format Version 12.00
# Visual Studio 15
Project("{FAE04EC0-301F-11D3-BF4B-00C04F79EFBC}") = "Assembly-CSharp", "Assembly-CSharp.csproj", "{7986B2B8-781C-BDB2-39BF-940488733391}"
EndProject
Project("{FAE04EC0-301F-11D3-BF4B-00C04F79EFBC}") = "Assembly-CSharp-firstpass", "Assembly-CSharp-firstpass.csproj", "{EAD16456-1620-E1F4-48FE-D1FA53DF304E}"
EndProject
Project("{FAE04EC0-301F-11D3-BF4B-00C04F79EFBC}") = "Assembly-CSharp-Editor", "Assembly-CSharp-Editor.csproj", "{75FC1526-9332-BB17-F99B-99CC5363E077}"
EndProject
Global
	GlobalSection(SolutionConfigurationPlatforms) = preSolution
		Debug|Any CPU = Debug|Any CPU
		Release|Any CPU = Release|Any CPU
	EndGlobalSection
	GlobalSection(ProjectConfigurationPlatforms) = postSolution
		{7986B2B8-781C-BDB2-39BF-940488733391}.Debug|Any CPU.ActiveCfg = Debug|Any CPU
		{7986B2B8-781C-BDB2-39BF-940488733391}.Debug|Any CPU.Build.0 = Debug|Any CPU
		{7986B2B8-781C-BDB2-39BF-940488733391}.Release|Any CPU.ActiveCfg = Release|Any CPU
		{7986B2B8-781C-BDB2-39BF-940488733391}.Release|Any CPU.Build.0 = Release|Any CPU
		{EAD16456-1620-E1F4-48FE-D1FA53DF304E}.Debug|Any CPU.ActiveCfg = Debug|Any CPU
		{EAD16456-1620-E1F4-48FE-D1FA53DF304E}.Debug|Any CPU.Build.0 = Debug|Any CPU
		{EAD16456-1620-E1F4-48FE-D1FA53DF304E}.Release|Any CPU.ActiveCfg = Release|Any CPU
		{EAD16456-1620-E1F4-48FE-D1FA53DF304E}.Release|Any CPU.Build.0 = Release|Any CPU
		{75FC1526-9332-BB17-F99B-99CC5363E077}.Debug|Any CPU.ActiveCfg = Debug|Any CPU
		{75FC1526-9332-BB17-F99B-99CC5363E077}.Debug|Any CPU.Build.0 = Debug|Any CPU
		{75FC1526-9332-BB17-F99B-99CC5363E077}.Release|Any CPU.ActiveCfg = Release|Any CPU
		{75FC1526-9332-BB17-F99B-99CC5363E077}.Release|Any CPU.Build.0 = Release|Any CPU
	EndGlobalSection
	GlobalSection(SolutionProperties) = preSolution
		HideSolutionNode = FALSE
	EndGlobalSection
EndGlobal
